	<Project xmlns="http://schemas.microsoft.com/developer/msbuild/2003">
		<PropertyGroup>
			<ProjectGuid>{A9733602-9B2D-493F-8168-0D8B082A03C3}</ProjectGuid>
			<ProjectVersion>12.0</ProjectVersion>
			<MainSource>Project4.dpr</MainSource>
			<Config Condition="'$(Config)'==''">Debug</Config>
			<DCC_DCCCompiler>DCC32</DCC_DCCCompiler>
		</PropertyGroup>
		<PropertyGroup Condition="'$(Config)'=='Base' or '$(Base)'!=''">
			<Base>true</Base>
		</PropertyGroup>
		<PropertyGroup Condition="'$(Config)'=='Release' or '$(Cfg_1)'!=''">
			<Cfg_1>true</Cfg_1>
			<CfgParent>Base</CfgParent>
			<Base>true</Base>
		</PropertyGroup>
		<PropertyGroup Condition="'$(Config)'=='Debug' or '$(Cfg_2)'!=''">
			<Cfg_2>true</Cfg_2>
			<CfgParent>Base</CfgParent>
			<Base>true</Base>
		</PropertyGroup>
		<PropertyGroup Condition="'$(Base)'!=''">
			<DCC_UnitAlias>WinTypes=Windows;WinProcs=Windows;DbiTypes=BDE;DbiProcs=BDE;DbiErrs=BDE;$(DCC_UnitAlias)</DCC_UnitAlias>
			<DCC_DependencyCheckOutputName>Project4.exe</DCC_DependencyCheckOutputName>
			<DCC_ImageBase>00400000</DCC_ImageBase>
			<DCC_Platform>x86</DCC_Platform>
		</PropertyGroup>
		<PropertyGroup Condition="'$(Cfg_1)'!=''">
			<DCC_LocalDebugSymbols>false</DCC_LocalDebugSymbols>
			<DCC_Define>RELEASE;$(DCC_Define)</DCC_Define>
			<DCC_SymbolReferenceInfo>0</DCC_SymbolReferenceInfo>
			<DCC_DebugInformation>false</DCC_DebugInformation>
		</PropertyGroup>
		<PropertyGroup Condition="'$(Cfg_2)'!=''">
			<DCC_Define>DEBUG;$(DCC_Define)</DCC_Define>
		</PropertyGroup>
		<ItemGroup>
			<DelphiCompile Include="Project4.dpr">
				<MainSource>MainSource</MainSource>
			</DelphiCompile>
			<DCCReference Include="Unit4.pas">
				<Form>Form4</Form>
			</DCCReference>
			<BuildConfiguration Include="Base">
				<Key>Base</Key>
			</BuildConfiguration>
			<BuildConfiguration Include="Debug">
				<Key>Cfg_2</Key>
				<CfgParent>Base</CfgParent>
			</BuildConfiguration>
			<BuildConfiguration Include="Release">
				<Key>Cfg_1</Key>
				<CfgParent>Base</CfgParent>
			</BuildConfiguration>
		</ItemGroup>
		<Import Project="$(BDS)\Bin\CodeGear.Delphi.Targets" Condition="Exists('$(BDS)\Bin\CodeGear.Delphi.Targets')"/>
		<ProjectExtensions>
			<Borland.Personality>Delphi.Personality.12</Borland.Personality>
			<Borland.ProjectType/>
			<BorlandProject>
				<Delphi.Personality>
					<Source>
						<Source Name="MainSource">Project4.dpr</Source>
					</Source>
					<Parameters>
						<Parameters Name="UseLauncher">False</Parameters>
						<Parameters Name="LoadAllSymbols">True</Parameters>
						<Parameters Name="LoadUnspecifiedSymbols">False</Parameters>
					</Parameters>
					<VersionInfo>
						<VersionInfo Name="IncludeVerInfo">False</VersionInfo>
						<VersionInfo Name="AutoIncBuild">False</VersionInfo>
						<VersionInfo Name="MajorVer">1</VersionInfo>
						<VersionInfo Name="MinorVer">0</VersionInfo>
						<VersionInfo Name="Release">0</VersionInfo>
						<VersionInfo Name="Build">0</VersionInfo>
						<VersionInfo Name="Debug">False</VersionInfo>
						<VersionInfo Name="PreRelease">False</VersionInfo>
						<VersionInfo Name="Special">False</VersionInfo>
						<VersionInfo Name="Private">False</VersionInfo>
						<VersionInfo Name="DLL">False</VersionInfo>
						<VersionInfo Name="Locale">1046</VersionInfo>
						<VersionInfo Name="CodePage">1252</VersionInfo>
					</VersionInfo>
					<VersionInfoKeys>
						<VersionInfoKeys Name="CompanyName"/>
						<VersionInfoKeys Name="FileDescription"/>
						<VersionInfoKeys Name="FileVersion">1.0.0.0</VersionInfoKeys>
						<VersionInfoKeys Name="InternalName"/>
						<VersionInfoKeys Name="LegalCopyright"/>
						<VersionInfoKeys Name="LegalTrademarks"/>
						<VersionInfoKeys Name="OriginalFilename"/>
						<VersionInfoKeys Name="ProductName"/>
						<VersionInfoKeys Name="ProductVersion">1.0.0.0</VersionInfoKeys>
						<VersionInfoKeys Name="Comments"/>
					</VersionInfoKeys>
					<Excluded_Packages>
						<Excluded_Packages Name="$(BDS)\bin\dcloffice2k140.bpl">Microsoft Office 2000 Sample Automation Server Wrapper Components</Excluded_Packages>
						<Excluded_Packages Name="$(BDS)\bin\dclofficexp140.bpl">Microsoft Office XP Sample Automation Server Wrapper Components</Excluded_Packages>
						<Excluded_Packages Name="C:\Arquivos de programas\Developer Express Inc\Library\Delphi14\dclcxSchedulerGridD14.bpl">ExpressScheduler 3 connection to ExpressQuantumGrid by Developer Express Inc.</Excluded_Packages>
						<Excluded_Packages Name="C:\Arquivos de programas\Developer Express Inc\Library\Delphi14\dclcxPivotGridOLAPD14.bpl">ExpressPivotGrid 2 OLAP by Developer Express Inc.</Excluded_Packages>
						<Excluded_Packages Name="C:\Documents and Settings\All Users\Documentos\RAD Studio\7.0\Bpl\JvAppFrmD14D.bpl">JVCL Application and Form Components</Excluded_Packages>
						<Excluded_Packages Name="C:\Documents and Settings\All Users\Documentos\RAD Studio\7.0\Bpl\JvBandsD14D.bpl">JVCL Band Objects</Excluded_Packages>
						<Excluded_Packages Name="C:\Documents and Settings\All Users\Documentos\RAD Studio\7.0\Bpl\JvBDED14D.bpl">JVCL BDE Components</Excluded_Packages>
						<Excluded_Packages Name="C:\Documents and Settings\All Users\Documentos\RAD Studio\7.0\Bpl\JvCmpD14D.bpl">JVCL Non-Visual Components</Excluded_Packages>
						<Excluded_Packages Name="C:\Documents and Settings\All Users\Documentos\RAD Studio\7.0\Bpl\JvCryptD14D.bpl">JVCL Encryption and Compression</Excluded_Packages>
						<Excluded_Packages Name="C:\Documents and Settings\All Users\Documentos\RAD Studio\7.0\Bpl\JvCustomD14D.bpl">JVCL Custom Controls</Excluded_Packages>
						<Excluded_Packages Name="C:\Documents and Settings\All Users\Documentos\RAD Studio\7.0\Bpl\JvDockingD14D.bpl">JVCL Docking Components</Excluded_Packages>
						<Excluded_Packages Name="C:\Documents and Settings\All Users\Documentos\RAD Studio\7.0\Bpl\JvDotNetCtrlsD14D.bpl">JVCL DotNet Controls</Excluded_Packages>
						<Excluded_Packages Name="C:\Documents and Settings\All Users\Documentos\RAD Studio\7.0\Bpl\JvEDID14D.bpl">JVCL EDI Components</Excluded_Packages>
						<Excluded_Packages Name="C:\Documents and Settings\All Users\Documentos\RAD Studio\7.0\Bpl\JvGlobusD14D.bpl">JVCL Globus Components</Excluded_Packages>
						<Excluded_Packages Name="C:\Documents and Settings\All Users\Documentos\RAD Studio\7.0\Bpl\JvHMID14D.bpl">JVCL HMI Controls</Excluded_Packages>
						<Excluded_Packages Name="C:\Documents and Settings\All Users\Documentos\RAD Studio\7.0\Bpl\JvInterpreterD14D.bpl">JVCL Interpreter Components</Excluded_Packages>
						<Excluded_Packages Name="C:\Documents and Settings\All Users\Documentos\RAD Studio\7.0\Bpl\JvJansD14D.bpl">JVCL Jans Components</Excluded_Packages>
						<Excluded_Packages Name="C:\Documents and Settings\All Users\Documentos\RAD Studio\7.0\Bpl\JvManagedThreadsD14D.bpl">JVCL Managed Threads</Excluded_Packages>
						<Excluded_Packages Name="C:\Documents and Settings\All Users\Documentos\RAD Studio\7.0\Bpl\JvMMD14D.bpl">JVCL Multimedia and Image Components</Excluded_Packages>
						<Excluded_Packages Name="C:\Documents and Settings\All Users\Documentos\RAD Studio\7.0\Bpl\JvNetD14D.bpl">JVCL Network Components</Excluded_Packages>
						<Excluded_Packages Name="C:\Documents and Settings\All Users\Documentos\RAD Studio\7.0\Bpl\JvPrintPreviewD14D.bpl">JVCL Print Preview Components</Excluded_Packages>
						<Excluded_Packages Name="C:\Documents and Settings\All Users\Documentos\RAD Studio\7.0\Bpl\JvRuntimeDesignD14D.bpl">JVCL Runtime Design Components</Excluded_Packages>
						<Excluded_Packages Name="C:\Documents and Settings\All Users\Documentos\RAD Studio\7.0\Bpl\JvSystemD14D.bpl">JVCL System Components</Excluded_Packages>
					</Excluded_Packages>
				</Delphi.Personality>
			</BorlandProject>
			<ProjectFileVersion>12</ProjectFileVersion>
		</ProjectExtensions>
	</Project>
